
Microsoft Visual Studio Solution File, Format Version 11.00
# Visual Studio 2010
Project("{8BC9CEB8-8B4A-11D0-8D11-00A0C91BC942}") = "game", "game\game.vcxproj", "{BF0FA845-CB86-4C9F-B44F-1EBB1FD74494}"
EndProject
Global
	GlobalSection(SolutionConfigurationPlatforms) = preSolution
		Debug|Win32 = Debug|Win32
		Release|Win32 = Release|Win32
	EndGlobalSection
	GlobalSection(ProjectConfigurationPlatforms) = postSolution
		{BF0FA845-CB86-4C9F-B44F-1EBB1FD74494}.Debug|Win32.ActiveCfg = Debug|Win32
		{BF0FA845-CB86-4C9F-B44F-1EBB1FD74494}.Debug|Win32.Build.0 = Debug|Win32
		{BF0FA845-CB86-4C9F-B44F-1EBB1FD74494}.Release|Win32.ActiveCfg = Release|Win32
		{BF0FA845-CB86-4C9F-B44F-1EBB1FD74494}.Release|Win32.Build.0 = Release|Win32
	EndGlobalSection
	GlobalSection(SolutionProperties) = preSolution
		HideSolutionNode = FALSE
	EndGlobalSection
EndGlobal
